
Microsoft Visual Studio Solution File, Format Version 12.00
# Visual Studio Version 16
VisualStudioVersion = 16.0.31911.196
MinimumVisualStudioVersion = 10.0.40219.1
Project("{FAE04EC0-301F-11D3-BF4B-00C04F79EFBC}") = "BECrudUserBooks", "BECrudUserBooks\BECrudUserBooks.csproj", "{7914653E-1C6F-438F-BBB3-A090FF9D92E7}"
EndProject
Global
	GlobalSection(SolutionConfigurationPlatforms) = preSolution
		Debug|Any CPU = Debug|Any CPU
		Release|Any CPU = Release|Any CPU
	EndGlobalSection
	GlobalSection(ProjectConfigurationPlatforms) = postSolution
		{7914653E-1C6F-438F-BBB3-A090FF9D92E7}.Debug|Any CPU.ActiveCfg = Debug|Any CPU
		{7914653E-1C6F-438F-BBB3-A090FF9D92E7}.Debug|Any CPU.Build.0 = Debug|Any CPU
		{7914653E-1C6F-438F-BBB3-A090FF9D92E7}.Release|Any CPU.ActiveCfg = Release|Any CPU
		{7914653E-1C6F-438F-BBB3-A090FF9D92E7}.Release|Any CPU.Build.0 = Release|Any CPU
	EndGlobalSection
	GlobalSection(SolutionProperties) = preSolution
		HideSolutionNode = FALSE
	EndGlobalSection
	GlobalSection(ExtensibilityGlobals) = postSolution
		SolutionGuid = {972E8843-3199-464A-A4E3-D31427A9B39F}
	EndGlobalSection
EndGlobal
